# This file is automatically @generated by Cargo.
# It is not intended for manual editing.
version = 3

[[package]]
name = "bytemuck"
version = "1.14.3"
source = "registry+https://github.com/rust-lang/crates.io-index"
checksum = "a2ef034f05691a48569bd920a96c81b9d91bbad1ab5ac7c4616c1f6ef36cb79f"

[[package]]
name = "glam"
version = "0.24.2"
source = "registry+https://github.com/rust-lang/crates.io-index"
checksum = "b5418c17512bdf42730f9032c74e1ae39afc408745ebb2acf72fbc4691c17945"

[[package]]
name = "smallvec"
version = "1.13.1"
source = "registry+https://github.com/rust-lang/crates.io-index"
checksum = "e6ecd384b10a64542d77071bd64bd7b231f4ed5940fba55e98c3de13824cf3d7"

[[package]]
name = "wasm-runtime"
version = "0.1.0"
dependencies = [
 "bytemuck",
 "glam",
 "smallvec",
 "zwohash",
]

[[package]]
name = "zwohash"
version = "0.1.2"
source = "registry+https://github.com/rust-lang/crates.io-index"
checksum = "beaf63e0740cea93ca85de39611a8bc8262a50adacd6321cd209a123676d0447"
